// !$*UTF8*$!
{
	archiveVersion = 1;
	classes = {
	};
	objectVersion = 46;
	objects = {

/* Begin PBXBuildFile section */
		BCBB075F1BB28251004492D5 /* main.m in Sources */ = {isa = PBXBuildFile; fileRef = BCBB075E1BB28251004492D5 /* main.m */; };
		BCBB07621BB28251004492D5 /* AppDelegate.m in Sources */ = {isa = PBXBuildFile; fileRef = BCBB07611BB28251004492D5 /* AppDelegate.m */; };
		BCBB07651BB28251004492D5 /* ViewController.m in Sources */ = {isa = PBXBuildFile; fileRef = BCBB07641BB28251004492D5 /* ViewController.m */; };
		BCBB07681BB28251004492D5 /* Main.storyboard in Resources */ = {isa = PBXBuildFile; fileRef = BCBB07661BB28251004492D5 /* Main.storyboard */; };
		BCBB076A1BB28251004492D5 /* Images.xcassets in Resources */ = {isa = PBXBuildFile; fileRef = BCBB07691BB28251004492D5 /* Images.xcassets */; };
		BCBB076D1BB28251004492D5 /* LaunchScreen.xib in Resources */ = {isa = PBXBuildFile; fileRef = BCBB076B1BB28251004492D5 /* LaunchScreen.xib */; };
		BCBB07791BB28251004492D5 /* AI7_2aixianmianTests.m in Sources */ = {isa = PBXBuildFile; fileRef = BCBB07781BB28251004492D5 /* AI7_2aixianmianTests.m */; };
/* End PBXBuildFile section */

/* Begin PBXContainerItemProxy section */
		BCBB07731BB28251004492D5 /* PBXContainerItemProxy */ = {
			isa = PBXContainerItemProxy;
			containerPortal = BCBB07511BB28251004492D5 /* Project object */;
			proxyType = 1;
			remoteGlobalIDString = BCBB07581BB28251004492D5;
			remoteInfo = AI7.2aixianmian;
		};
/* End PBXContainerItemProxy section */

/* Begin PBXFileReference section */
		BCBB07591BB28251004492D5 /* AI7.2aixianmian.app */ = {isa = PBXFileReference; explicitFileType = wrapper.application; includeInIndex = 0; path = AI7.2aixianmian.app; sourceTree = BUILT_PRODUCTS_DIR; };
		BCBB075D1BB28251004492D5 /* Info.plist */ = {isa = PBXFileReference; lastKnownFileType = text.plist.xml; path = Info.plist; sourceTree = "<group>"; };
		BCBB075E1BB28251004492D5 /* main.m */ = {isa = PBXFileReference; lastKnownFileType = sourcecode.c.objc; path = main.m; sourceTree = "<group>"; };
		BCBB07601BB28251004492D5 /* AppDelegate.h */ = {isa = PBXFileReference; lastKnownFileType = sourcecode.c.h; path = AppDelegate.h; sourceTree = "<group>"; };
		BCBB07611BB28251004492D5 /* AppDelegate.m */ = {isa = PBXFileReference; lastKnownFileType = sourcecode.c.objc; path = AppDelegate.m; sourceTree = "<group>"; };
		BCBB07631BB28251004492D5 /* ViewController.h */ = {isa = PBXFileReference; lastKnownFileType = sourcecode.c.h; path = ViewController.h; sourceTree = "<group>"; };
		BCBB07641BB28251004492D5 /* ViewController.m */ = {isa = PBXFileReference; lastKnownFileType = sourcecode.c.objc; path = ViewController.m; sourceTree = "<group>"; };
		BCBB07671BB28251004492D5 /* Base */ = {isa = PBXFileReference; lastKnownFileType = file.storyboard; name = Base; path = Base.lproj/Main.storyboard; sourceTree = "<group>"; };
		BCBB07691BB28251004492D5 /* Images.xcassets */ = {isa = PBXFileReference; lastKnownFileType = folder.assetcatalog; path = Images.xcassets; sourceTree = "<group>"; };
		BCBB076C1BB28251004492D5 /* Base */ = {isa = PBXFileReference; lastKnownFileType = file.xib; name = Base; path = Base.lproj/LaunchScreen.xib; sourceTree = "<group>"; };
		BCBB07721BB28251004492D5 /* AI7.2aixianmianTests.xctest */ = {isa = PBXFileReference; explicitFileType = wrapper.cfbundle; includeInIndex = 0; path = AI7.2aixianmianTests.xctest; sourceTree = BUILT_PRODUCTS_DIR; };
		BCBB07771BB28251004492D5 /* Info.plist */ = {isa = PBXFileReference; lastKnownFileType = text.plist.xml; path = Info.plist; sourceTree = "<group>"; };
		BCBB07781BB28251004492D5 /* AI7_2aixianmianTests.m */ = {isa = PBXFileReference; lastKnownFileType = sourcecode.c.objc; path = AI7_2aixianmianTests.m; sourceTree = "<group>"; };
/* End PBXFileReference section */

/* Begin PBXFrameworksBuildPhase section */
		BCBB07561BB28251004492D5 /* Frameworks */ = {
			isa = PBXFrameworksBuildPhase;
			buildActionMask = 2147483647;
			files = (
			);
			runOnlyForDeploymentPostprocessing = 0;
		};
		BCBB076F1BB28251004492D5 /* Frameworks */ = {
			isa = PBXFrameworksBuildPhase;
			buildActionMask = 2147483647;
			files = (
			);
			runOnlyForDeploymentPostprocessing = 0;
		};
/* End PBXFrameworksBuildPhase section */

/* Begin PBXGroup section */
		BCBB07501BB28251004492D5 = {
			isa = PBXGroup;
			children = (
				BCBB075B1BB28251004492D5 /* AI7.2aixianmian */,
				BCBB07751BB28251004492D5 /* AI7.2aixianmianTests */,
				BCBB075A1BB28251004492D5 /* Products */,
			);
			sourceTree = "<group>";
		};
		BCBB075A1BB28251004492D5 /* Products */ = {
			isa = PBXGroup;
			children = (
				BCBB07591BB28251004492D5 /* AI7.2aixianmian.app */,
				BCBB07721BB28251004492D5 /* AI7.2aixianmianTests.xctest */,
			);
			name = Products;
			sourceTree = "<group>";
		};
		BCBB075B1BB28251004492D5 /* AI7.2aixianmian */ = {
			isa = PBXGroup;
			children = (
				BCBB07601BB28251004492D5 /* AppDelegate.h */,
				BCBB07611BB28251004492D5 /* AppDelegate.m */,
				BCBB07631BB28251004492D5 /* ViewController.h */,
				BCBB07641BB28251004492D5 /* ViewController.m */,
				BCBB07661BB28251004492D5 /* Main.storyboard */,
				BCBB07691BB28251004492D5 /* Images.xcassets */,
				BCBB076B1BB28251004492D5 /* LaunchScreen.xib */,
				BCBB075C1BB28251004492D5 /* Supporting Files */,
			);
			path = AI7.2aixianmian;
			sourceTree = "<group>";
		};
		BCBB075C1BB28251004492D5 /* Supporting Files */ = {
			isa = PBXGroup;
			children = (
				BCBB075D1BB28251004492D5 /* Info.plist */,
				BCBB075E1BB28251004492D5 /* main.m */,
			);
			name = "Supporting Files";
			sourceTree = "<group>";
		};
		BCBB07751BB28251004492D5 /* AI7.2aixianmianTests */ = {
			isa = PBXGroup;
			children = (
				BCBB07781BB28251004492D5 /* AI7_2aixianmianTests.m */,
				BCBB07761BB28251004492D5 /* Supporting Files */,
			);
			path = AI7.2aixianmianTests;
			sourceTree = "<group>";
		};
		BCBB07761BB28251004492D5 /* Supporting Files */ = {
			isa = PBXGroup;
			children = (
				BCBB07771BB28251004492D5 /* Info.plist */,
			);
			name = "Supporting Files";
			sourceTree = "<group>";
		};
/* End PBXGroup section */

/* Begin PBXNativeTarget section */
		BCBB07581BB28251004492D5 /* AI7.2aixianmian */ = {
			isa = PBXNativeTarget;
			buildConfigurationList = BCBB077C1BB28251004492D5 /* Build configuration list for PBXNativeTarget "AI7.2aixianmian" */;
			buildPhases = (
				BCBB07551BB28251004492D5 /* Sources */,
				BCBB07561BB28251004492D5 /* Frameworks */,
				BCBB07571BB28251004492D5 /* Resources */,
			);
			buildRules = (
			);
			dependencies = (
			);
			name = AI7.2aixianmian;
			productName = AI7.2aixianmian;
			productReference = BCBB07591BB28251004492D5 /* AI7.2aixianmian.app */;
			productType = "com.apple.product-type.application";
		};
		BCBB07711BB28251004492D5 /* AI7.2aixianmianTests */ = {
			isa = PBXNativeTarget;
			buildConfigurationList = BCBB077F1BB28251004492D5 /* Build configuration list for PBXNativeTarget "AI7.2aixianmianTests" */;
			buildPhases = (
				BCBB076E1BB28251004492D5 /* Sources */,
				BCBB076F1BB28251004492D5 /* Frameworks */,
				BCBB07701BB28251004492D5 /* Resources */,
			);
			buildRules = (
			);
			dependencies = (
				BCBB07741BB28251004492D5 /* PBXTargetDependency */,
			);
			name = AI7.2aixianmianTests;
			productName = AI7.2aixianmianTests;
			productReference = BCBB07721BB28251004492D5 /* AI7.2aixianmianTests.xctest */;
			productType = "com.apple.product-type.bundle.unit-test";
		};
/* End PBXNativeTarget section */

/* Begin PBXProject section */
		BCBB07511BB28251004492D5 /* Project object */ = {
			isa = PBXProject;
			attributes = {
				LastUpgradeCheck = 0630;
				ORGANIZATIONNAME = aizexin;
				TargetAttributes = {
					BCBB07581BB28251004492D5 = {
						CreatedOnToolsVersion = 6.3;
					};
					BCBB07711BB28251004492D5 = {
						CreatedOnToolsVersion = 6.3;
						TestTargetID = BCBB07581BB28251004492D5;
					};
				};
			};
			buildConfigurationList = BCBB07541BB28251004492D5 /* Build configuration list for PBXProject "AI7.2aixianmian" */;
			compatibilityVersion = "Xcode 3.2";
			developmentRegion = English;
			hasScannedForEncodings = 0;
			knownRegions = (
				en,
				Base,
			);
			mainGroup = BCBB07501BB28251004492D5;
			productRefGroup = BCBB075A1BB28251004492D5 /* Products */;
			projectDirPath = "";
			projectRoot = "";
			targets = (
				BCBB07581BB28251004492D5 /* AI7.2aixianmian */,
				BCBB07711BB28251004492D5 /* AI7.2aixianmianTests */,
			);
		};
/* End PBXProject section */

/* Begin PBXResourcesBuildPhase section */
		BCBB07571BB28251004492D5 /* Resources */ = {
			isa = PBXResourcesBuildPhase;
			buildActionMask = 2147483647;
			files = (
				BCBB07681BB28251004492D5 /* Main.storyboard in Resources */,
				BCBB076D1BB28251004492D5 /* LaunchScreen.xib in Resources */,
				BCBB076A1BB28251004492D5 /* Images.xcassets in Resources */,
			);
			runOnlyForDeploymentPostprocessing = 0;
		};
		BCBB07701BB28251004492D5 /* Resources */ = {
			isa = PBXResourcesBuildPhase;
			buildActionMask = 2147483647;
			files = (
			);
			runOnlyForDeploymentPostprocessing = 0;
		};
/* End PBXResourcesBuildPhase section */

/* Begin PBXSourcesBuildPhase section */
		BCBB07551BB28251004492D5 /* Sources */ = {
			isa = PBXSourcesBuildPhase;
			buildActionMask = 2147483647;
			files = (
				BCBB07651BB28251004492D5 /* ViewController.m in Sources */,
				BCBB07621BB28251004492D5 /* AppDelegate.m in Sources */,
				BCBB075F1BB28251004492D5 /* main.m in Sources */,
			);
			runOnlyForDeploymentPostprocessing = 0;
		};
		BCBB076E1BB28251004492D5 /* Sources */ = {
			isa = PBXSourcesBuildPhase;
			buildActionMask = 2147483647;
			files = (
				BCBB07791BB28251004492D5 /* AI7_2aixianmianTests.m in Sources */,
			);
			runOnlyForDeploymentPostprocessing = 0;
		};
/* End PBXSourcesBuildPhase section */

/* Begin PBXTargetDependency section */
		BCBB07741BB28251004492D5 /* PBXTargetDependency */ = {
			isa = PBXTargetDependency;
			target = BCBB07581BB28251004492D5 /* AI7.2aixianmian */;
			targetProxy = BCBB07731BB28251004492D5 /* PBXContainerItemProxy */;
		};
/* End PBXTargetDependency section */

/* Begin PBXVariantGroup section */
		BCBB07661BB28251004492D5 /* Main.storyboard */ = {
			isa = PBXVariantGroup;
			children = (
				BCBB07671BB28251004492D5 /* Base */,
			);
			name = Main.storyboard;
			sourceTree = "<group>";
		};
		BCBB076B1BB28251004492D5 /* LaunchScreen.xib */ = {
			isa = PBXVariantGroup;
			children = (
				BCBB076C1BB28251004492D5 /* Base */,
			);
			name = LaunchScreen.xib;
			sourceTree = "<group>";
		};
/* End PBXVariantGroup section */

/* Begin XCBuildConfiguration section */
		BCBB077A1BB28251004492D5 /* Debug */ = {
			isa = XCBuildConfiguration;
			buildSettings = {
				ALWAYS_SEARCH_USER_PATHS = NO;
				CLANG_CXX_LANGUAGE_STANDARD = "gnu++0x";
				CLANG_CXX_LIBRARY = "libc++";
				CLANG_ENABLE_MODULES = YES;
				CLANG_ENABLE_OBJC_ARC = YES;
				CLANG_WARN_BOOL_CONVERSION = YES;
				CLANG_WARN_CONSTANT_CONVERSION = YES;
				CLANG_WARN_DIRECT_OBJC_ISA_USAGE = YES_ERROR;
				CLANG_WARN_EMPTY_BODY = YES;
				CLANG_WARN_ENUM_CONVERSION = YES;
				CLANG_WARN_INT_CONVERSION = YES;
				CLANG_WARN_OBJC_ROOT_CLASS = YES_ERROR;
				CLANG_WARN_UNREACHABLE_CODE = YES;
				CLANG_WARN__DUPLICATE_METHOD_MATCH = YES;
				"CODE_SIGN_IDENTITY[sdk=iphoneos*]" = "iPhone Developer";
				COPY_PHASE_STRIP = NO;
				DEBUG_INFORMATION_FORMAT = "dwarf-with-dsym";
				ENABLE_STRICT_OBJC_MSGSEND = YES;
				GCC_C_LANGUAGE_STANDARD = gnu99;
				GCC_DYNAMIC_NO_PIC = NO;
				GCC_NO_COMMON_BLOCKS = YES;
				GCC_OPTIMIZATION_LEVEL = 0;
				GCC_PREPROCESSOR_DEFINITIONS = (
					"DEBUG=1",
					"$(inherited)",
				);
				GCC_SYMBOLS_PRIVATE_EXTERN = NO;
				GCC_WARN_64_TO_32_BIT_CONVERSION = YES;
				GCC_WARN_ABOUT_RETURN_TYPE = YES_ERROR;
				GCC_WARN_UNDECLARED_SELECTOR = YES;
				GCC_WARN_UNINITIALIZED_AUTOS = YES_AGGRESSIVE;
				GCC_WARN_UNUSED_FUNCTION = YES;
				GCC_WARN_UNUSED_VARIABLE = YES;
				IPHONEOS_DEPLOYMENT_TARGET = 8.3;
				MTL_ENABLE_DEBUG_INFO = YES;
				ONLY_ACTIVE_ARCH = YES;
				SDKROOT = iphoneos;
				TARGETED_DEVICE_FAMILY = "1,2";
			};
			name = Debug;
		};
		BCBB077B1BB28251004492D5 /* Release */ = {
			isa = XCBuildConfiguration;
			buildSettings = {
				ALWAYS_SEARCH_USER_PATHS = NO;
				CLANG_CXX_LANGUAGE_STANDARD = "gnu++0x";
				CLANG_CXX_LIBRARY = "libc++";
				CLANG_ENABLE_MODULES = YES;
				CLANG_ENABLE_OBJC_ARC = YES;
				CLANG_WARN_BOOL_CONVERSION = YES;
				CLANG_WARN_CONSTANT_CONVERSION = YES;
				CLANG_WARN_DIRECT_OBJC_ISA_USAGE = YES_ERROR;
				CLANG_WARN_EMPTY_BODY = YES;
				CLANG_WARN_ENUM_CONVERSION = YES;
				CLANG_WARN_INT_CONVERSION = YES;
				CLANG_WARN_OBJC_ROOT_CLASS = YES_ERROR;
				CLANG_WARN_UNREACHABLE_CODE = YES;
				CLANG_WARN__DUPLICATE_METHOD_MATCH = YES;
				"CODE_SIGN_IDENTITY[sdk=iphoneos*]" = "iPhone Developer";
				COPY_PHASE_STRIP = NO;
				DEBUG_INFORMATION_FORMAT = "dwarf-with-dsym";
				ENABLE_NS_ASSERTIONS = NO;
				ENABLE_STRICT_OBJC_MSGSEND = YES;
				GCC_C_LANGUAGE_STANDARD = gnu99;
				GCC_NO_COMMON_BLOCKS = YES;
				GCC_WARN_64_TO_32_BIT_CONVERSION = YES;
				GCC_WARN_ABOUT_RETURN_TYPE = YES_ERROR;
				GCC_WARN_UNDECLARED_SELECTOR = YES;
				GCC_WARN_UNINITIALIZED_AUTOS = YES_AGGRESSIVE;
				GCC_WARN_UNUSED_FUNCTION = YES;
				GCC_WARN_UNUSED_VARIABLE = YES;
				IPHONEOS_DEPLOYMENT_TARGET = 8.3;
				MTL_ENABLE_DEBUG_INFO = NO;
				SDKROOT = iphoneos;
				TARGETED_DEVICE_FAMILY = "1,2";
				VALIDATE_PRODUCT = YES;
			};
			name = Release;
		};
		BCBB077D1BB28251004492D5 /* Debug */ = {
			isa = XCBuildConfiguration;
			buildSettings = {
				ASSETCATALOG_COMPILER_APPICON_NAME = AppIcon;
				INFOPLIST_FILE = AI7.2aixianmian/Info.plist;
				LD_RUNPATH_SEARCH_PATHS = "$(inherited) @executable_path/Frameworks";
				PRODUCT_NAME = "$(TARGET_NAME)";
			};
			name = Debug;
		};
		BCBB077E1BB28251004492D5 /* Release */ = {
			isa = XCBuildConfiguration;
			buildSettings = {
				ASSETCATALOG_COMPILER_APPICON_NAME = AppIcon;
				INFOPLIST_FILE = AI7.2aixianmian/Info.plist;
				LD_RUNPATH_SEARCH_PATHS = "$(inherited) @executable_path/Frameworks";
				PRODUCT_NAME = "$(TARGET_NAME)";
			};
			name = Release;
		};
		BCBB07801BB28251004492D5 /* Debug */ = {
			isa = XCBuildConfiguration;
			buildSettings = {
				BUNDLE_LOADER = "$(TEST_HOST)";
				FRAMEWORK_SEARCH_PATHS = (
					"$(SDKROOT)/Developer/Library/Frameworks",
					"$(inherited)",
				);
				GCC_PREPROCESSOR_DEFINITIONS = (
					"DEBUG=1",
					"$(inherited)",
				);
				INFOPLIST_FILE = AI7.2aixianmianTests/Info.plist;
				LD_RUNPATH_SEARCH_PATHS = "$(inherited) @executable_path/Frameworks @loader_path/Frameworks";
				PRODUCT_NAME = "$(TARGET_NAME)";
				TEST_HOST = "$(BUILT_PRODUCTS_DIR)/AI7.2aixianmian.app/AI7.2aixianmian";
			};
			name = Debug;
		};
		BCBB07811BB28251004492D5 /* Release */ = {
			isa = XCBuildConfiguration;
			buildSettings = {
				BUNDLE_LOADER = "$(TEST_HOST)";
				FRAMEWORK_SEARCH_PATHS = (
					"$(SDKROOT)/Developer/Library/Frameworks",
					"$(inherited)",
				);
				INFOPLIST_FILE = AI7.2aixianmianTests/Info.plist;
				LD_RUNPATH_SEARCH_PATHS = "$(inherited) @executable_path/Frameworks @loader_path/Frameworks";
				PRODUCT_NAME = "$(TARGET_NAME)";
				TEST_HOST = "$(BUILT_PRODUCTS_DIR)/AI7.2aixianmian.app/AI7.2aixianmian";
			};
			name = Release;
		};
/* End XCBuildConfiguration section */

/* Begin XCConfigurationList section */
		BCBB07541BB28251004492D5 /* Build configuration list for PBXProject "AI7.2aixianmian" */ = {
			isa = XCConfigurationList;
			buildConfigurations = (
				BCBB077A1BB28251004492D5 /* Debug */,
				BCBB077B1BB28251004492D5 /* Release */,
			);
			defaultConfigurationIsVisible = 0;
			defaultConfigurationName = Release;
		};
		BCBB077C1BB28251004492D5 /* Build configuration list for PBXNativeTarget "AI7.2aixianmian" */ = {
			isa = XCConfigurationList;
			buildConfigurations = (
				BCBB077D1BB28251004492D5 /* Debug */,
				BCBB077E1BB28251004492D5 /* Release */,
			);
			defaultConfigurationIsVisible = 0;
		};
		BCBB077F1BB28251004492D5 /* Build configuration list for PBXNativeTarget "AI7.2aixianmianTests" */ = {
			isa = XCConfigurationList;
			buildConfigurations = (
				BCBB07801BB28251004492D5 /* Debug */,
				BCBB07811BB28251004492D5 /* Release */,
			);
			defaultConfigurationIsVisible = 0;
		};
/* End XCConfigurationList section */
	};
	rootObject = BCBB07511BB28251004492D5 /* Project object */;
}
